
Microsoft Visual Studio Solution File, Format Version 12.00
# Visual Studio Version 17
VisualStudioVersion = 17.5.002.0
MinimumVisualStudioVersion = 10.0.40219.1
Project("{9A19103F-16F7-4668-BE54-9A1E7A4F7556}") = "CSharp_DSA", "CSharp_DSA.csproj", "{62DAA4F2-72D8-409A-9ECE-CC8CD04FB5CB}"
EndProject
Global
	GlobalSection(SolutionConfigurationPlatforms) = preSolution
		Debug|Any CPU = Debug|Any CPU
		Release|Any CPU = Release|Any CPU
	EndGlobalSection
	GlobalSection(ProjectConfigurationPlatforms) = postSolution
		{62DAA4F2-72D8-409A-9ECE-CC8CD04FB5CB}.Debug|Any CPU.ActiveCfg = Debug|Any CPU
		{62DAA4F2-72D8-409A-9ECE-CC8CD04FB5CB}.Debug|Any CPU.Build.0 = Debug|Any CPU
		{62DAA4F2-72D8-409A-9ECE-CC8CD04FB5CB}.Release|Any CPU.ActiveCfg = Release|Any CPU
		{62DAA4F2-72D8-409A-9ECE-CC8CD04FB5CB}.Release|Any CPU.Build.0 = Release|Any CPU
	EndGlobalSection
	GlobalSection(SolutionProperties) = preSolution
		HideSolutionNode = FALSE
	EndGlobalSection
	GlobalSection(ExtensibilityGlobals) = postSolution
		SolutionGuid = {6335F3A7-5F80-49A1-812A-61449C7CF79F}
	EndGlobalSection
EndGlobal
